<?xml version="1.0" encoding="utf-8"?>
<Project ToolsVersion="4.0" xmlns="http://schemas.microsoft.com/developer/msbuild/2003">
  <ItemGroup>
    <Filter Include="Header">
      <UniqueIdentifier>{93995380-89BD-4b04-88EB-625FBE52EBFB}</UniqueIdentifier>
      <Extensions>h;hh;hpp;hxx;h++;hm;inl;inc;ipp;xsd</Extensions>
    </Filter>
    <Filter Include="Source">
      <UniqueIdentifier>{4FC737F1-C7A5-4376-A066-2A32D752A2FF}</UniqueIdentifier>
      <Extensions>cpp;c;cc;cxx;c++;cppm;ixx;def;odl;idl;hpj;bat;asm;asmx</Extensions>
    </Filter>
    <Filter Include="Assembly">
      <UniqueIdentifier>{b404a96a-19d7-48ed-95ae-5931433f9662}</UniqueIdentifier>
    </Filter>
    <Filter Include="Assembly\MSVC">
      <UniqueIdentifier>{1590f5ac-6747-4d6e-94ac-13cfd601cf17}</UniqueIdentifier>
    </Filter>
  </ItemGroup>
  <ItemGroup>
    <ClCompile Include="..\src\hash_api.c">
      <Filter>Source</Filter>
    </ClCompile>
    <ClCompile Include="..\src\memory.c">
      <Filter>Source</Filter>
    </ClCompile>
    <ClCompile Include="..\src\random.c">
      <Filter>Source</Filter>
    </ClCompile>
    <ClCompile Include="..\src\crypto.c">
      <Filter>Source</Filter>
    </ClCompile>
    <ClCompile Include="..\src\runtime.c">
      <Filter>Source</Filter>
    </ClCompile>
    <ClCompile Include="..\src\thread.c">
      <Filter>Source</Filter>
    </ClCompile>
    <ClCompile Include="..\src\list_md.c">
      <Filter>Source</Filter>
    </ClCompile>
    <ClCompile Include="..\src\lib_memory.c">
      <Filter>Source</Filter>
    </ClCompile>
    <ClCompile Include="..\src\lib_string.c">
      <Filter>Source</Filter>
    </ClCompile>
    <ClCompile Include="..\src\library.c">
      <Filter>Source</Filter>
    </ClCompile>
    <ClCompile Include="..\src\win_api.c">
      <Filter>Source</Filter>
    </ClCompile>
    <ClCompile Include="..\src\shield.c">
      <Filter>Source</Filter>
    </ClCompile>
    <ClCompile Include="..\src\resource.c">
      <Filter>Source</Filter>
    </ClCompile>
    <ClCompile Include="..\src\errno.c">
      <Filter>Source</Filter>
    </ClCompile>
    <ClCompile Include="builder.c">
      <Filter>Source</Filter>
    </ClCompile>
    <ClCompile Include="..\src\argument.c">
      <Filter>Source</Filter>
    </ClCompile>
    <ClCompile Include="..\src\rel_addr.c">
      <Filter>Source</Filter>
    </ClCompile>
    <ClCompile Include="..\src\compress.c">
      <Filter>Source</Filter>
    </ClCompile>
  </ItemGroup>
  <ItemGroup>
    <ClInclude Include="..\include\crypto.h">
      <Filter>Header</Filter>
    </ClInclude>
    <ClInclude Include="..\include\c_types.h">
      <Filter>Header</Filter>
    </ClInclude>
    <ClInclude Include="..\include\hash_api.h">
      <Filter>Header</Filter>
    </ClInclude>
    <ClInclude Include="..\include\memory.h">
      <Filter>Header</Filter>
    </ClInclude>
    <ClInclude Include="..\include\random.h">
      <Filter>Header</Filter>
    </ClInclude>
    <ClInclude Include="..\include\windows_t.h">
      <Filter>Header</Filter>
    </ClInclude>
    <ClInclude Include="..\include\runtime.h">
      <Filter>Header</Filter>
    </ClInclude>
    <ClInclude Include="..\include\thread.h">
      <Filter>Header</Filter>
    </ClInclude>
    <ClInclude Include="..\include\context.h">
      <Filter>Header</Filter>
    </ClInclude>
    <ClInclude Include="..\include\list_md.h">
      <Filter>Header</Filter>
    </ClInclude>
    <ClInclude Include="..\include\lib_memory.h">
      <Filter>Header</Filter>
    </ClInclude>
    <ClInclude Include="..\include\lib_string.h">
      <Filter>Header</Filter>
    </ClInclude>
    <ClInclude Include="..\include\errno.h">
      <Filter>Header</Filter>
    </ClInclude>
    <ClInclude Include="..\include\library.h">
      <Filter>Header</Filter>
    </ClInclude>
    <ClInclude Include="..\include\win_api.h">
      <Filter>Header</Filter>
    </ClInclude>
    <ClInclude Include="..\include\shield.h">
      <Filter>Header</Filter>
    </ClInclude>
    <ClInclude Include="..\include\resource.h">
      <Filter>Header</Filter>
    </ClInclude>
    <ClInclude Include="..\include\debug.h">
      <Filter>Header</Filter>
    </ClInclude>
    <ClInclude Include="build.h">
      <Filter>Header</Filter>
    </ClInclude>
    <ClInclude Include="..\include\argument.h">
      <Filter>Header</Filter>
    </ClInclude>
    <ClInclude Include="..\include\rel_addr.h">
      <Filter>Header</Filter>
    </ClInclude>
    <ClInclude Include="..\include\compress.h">
      <Filter>Header</Filter>
    </ClInclude>
  </ItemGroup>
  <ItemGroup>
    <MASM Include="..\asm\args_stub.asm">
      <Filter>Assembly</Filter>
    </MASM>
    <MASM Include="..\asm\msvc\llmul.asm">
      <Filter>Assembly\MSVC</Filter>
    </MASM>
    <MASM Include="..\asm\msvc\llshl.asm">
      <Filter>Assembly\MSVC</Filter>
    </MASM>
    <MASM Include="..\asm\msvc\ullrem.asm">
      <Filter>Assembly\MSVC</Filter>
    </MASM>
    <MASM Include="..\asm\msvc\ullshr.asm">
      <Filter>Assembly\MSVC</Filter>
    </MASM>
    <MASM Include="..\asm\align_stub.asm">
      <Filter>Assembly</Filter>
    </MASM>
    <MASM Include="..\asm\opts_stub.asm">
      <Filter>Assembly</Filter>
    </MASM>
  </ItemGroup>
</Project>